# THIS IS AN AUTOGENERATED FILE. DO NOT EDIT THIS FILE DIRECTLY.
# yarn lockfile v1


"@istanbul/app@^0.0.18":
  version "0.0.18"
  resolved "https://registry.yarnpkg.com/@istanbul/app/-/app-0.0.18.tgz#17121ec53b4d79bcfb48778d36132bb043bf4e28"
  integrity sha512-CYmrunCHwip7Dz1p4H6ATkyVlUnzD76E3z8P/Q8wegSk7Je2fGmKoK7zXDdwfveveF06E0kclVxoxcDix6E7BA==
  dependencies:
    "@istanbul/core" "^0.0.7"
    "@istanbul/events" "^0.0.4"
    "@istanbul/inject" "^0.0.4"

"@istanbul/core@^0.0.7":
  version "0.0.7"
  resolved "https://registry.yarnpkg.com/@istanbul/core/-/core-0.0.7.tgz#298450fa2a636d5815c7a8aba27a86c726b50604"
  integrity sha512-d5moy/XwEhcXjtxgxNM6IrqlbLb5uExU30tDAEPXAZiNyKt6XAfaSCUiMFxp9OKV/LaUNb47uIDZJXmYYbz9Cw==

"@istanbul/core@^0.0.8":
  version "0.0.8"
  resolved "https://registry.yarnpkg.com/@istanbul/core/-/core-0.0.8.tgz#61bbc5954af76205f4258b005ed73aecc291d050"
  integrity sha512-TT6WIMVh8lECCJYUfwxhMpZO1gs3LOu7YuXzycGgkaL+1EHtgiPuCrvpHY7yMjyk1U30GHH3eVknPnk5uO9C5A==

"@istanbul/events@^0.0.4":
  version "0.0.4"
  resolved "https://registry.yarnpkg.com/@istanbul/events/-/events-0.0.4.tgz#a388999ddec7e340741116e5bf145603176e7013"
  integrity sha512-B/ebDpFNvb62SnAX3m2ijVWSS3Fulp74jF2SJza0KGyjDUlPjximT2iUjBbSHZeEPWMcZ7NTCjidEctFL9oIKQ==

"@istanbul/inject@^0.0.4":
  version "0.0.4"
  resolved "https://registry.yarnpkg.com/@istanbul/inject/-/inject-0.0.4.tgz#d93280deb30e08861b20e0672e5b3be5d045e0b6"
  integrity sha512-pyRnssamRMoEQedpxXT7jSOIRLPfeeb5S4SFFvCltNMmAWzQIFCnZGCVOLYyisRq+x/WZJw7VSJtli6iMmUFzQ==

"@istanbul/rules@^0.0.3":
  version "0.0.3"
  resolved "https://registry.yarnpkg.com/@istanbul/rules/-/rules-0.0.3.tgz#4e62b418a3e323a9c1b49d6171400d2dc99ec117"
  integrity sha512-elqrRunsBUYzbcFc32MPyXIE5aEcbdEVDb6dfwryFqh/mXMzSVs6kTdNncwrlb84pMWTPwOVNPDhrgsMJ5oGyg==

"@types/node@^18.6.2":
  version "18.6.2"
  resolved "https://registry.yarnpkg.com/@types/node/-/node-18.6.2.tgz#ffc5f0f099d27887c8d9067b54e55090fcd54126"
  integrity sha512-KcfkBq9H4PI6Vpu5B/KoPeuVDAbmi+2mDBqGPGUgoL7yXQtcWGu2vJWmmRkneWK3Rh0nIAX192Aa87AqKHYChQ==

typescript@^4.7.4:
  version "4.7.4"
  resolved "https://registry.yarnpkg.com/typescript/-/typescript-4.7.4.tgz#1a88596d1cf47d59507a1bcdfb5b9dfe4d488235"
  integrity sha512-C0WQT0gezHuw6AdY1M2jxUO83Rjf0HP7Sk1DtXj6j1EwkQNZrHAg2XPWlq62oqEhYvONq5pkC2Y9oPljWToLmQ==
